{
  "name": "exampleproject",
  "version": "1.0.0",
  "lockfileVersion": 1,
  "requires": true,
  "dependencies": {
    "@triuman/calogen": {
      "version": "0.0.3",
      "resolved": "https://registry.npmjs.org/@triuman/calogen/-/calogen-0.0.3.tgz",
      "integrity": "sha512-pbNx2GtG2UYrOzczuSZNb4ssgFmwiwAG0ASitwGNLR/C+Oe5mJuleqE45eF2uQiRhjAUoGOGHI67zLu+J+xdkg==",
      "dev": true
    }
  }
}
