{
  "name": "exampleproject",
  "version": "1.0.0",
  "lockfileVersion": 1,
  "requires": true,
  "dependencies": {
    "@triuman/calogen": {
      "version": "0.0.9",
      "resolved": "https://registry.npmjs.org/@triuman/calogen/-/calogen-0.0.9.tgz",
      "integrity": "sha512-64TOUHmnJZPqG+b6RubFQvgm7gsRpwDV6d9de/4MPX0OYnPQbg0gH/hFqo2rqLxcrq5PVy5lW15+KO3gD3es8g==",
      "dev": true
    }
  }
}
